
Microsoft Visual Studio Solution File, Format Version 12.00
# Visual Studio Version 17
VisualStudioVersion = 17.3.32804.467
MinimumVisualStudioVersion = 10.0.40219.1
Project("{FAE04EC0-301F-11D3-BF4B-00C04F79EFBC}") = "CSClass2", "CSClass2\CSClass2.csproj", "{3E43F31E-C8FD-4229-9CD2-2B4ACDBC3479}"
EndProject
Global
	GlobalSection(SolutionConfigurationPlatforms) = preSolution
		Debug|Any CPU = Debug|Any CPU
		Release|Any CPU = Release|Any CPU
	EndGlobalSection
	GlobalSection(ProjectConfigurationPlatforms) = postSolution
		{3E43F31E-C8FD-4229-9CD2-2B4ACDBC3479}.Debug|Any CPU.ActiveCfg = Debug|Any CPU
		{3E43F31E-C8FD-4229-9CD2-2B4ACDBC3479}.Debug|Any CPU.Build.0 = Debug|Any CPU
		{3E43F31E-C8FD-4229-9CD2-2B4ACDBC3479}.Release|Any CPU.ActiveCfg = Release|Any CPU
		{3E43F31E-C8FD-4229-9CD2-2B4ACDBC3479}.Release|Any CPU.Build.0 = Release|Any CPU
	EndGlobalSection
	GlobalSection(SolutionProperties) = preSolution
		HideSolutionNode = FALSE
	EndGlobalSection
	GlobalSection(ExtensibilityGlobals) = postSolution
		SolutionGuid = {DA150FA0-3C90-414E-AAA6-8F8ED3853557}
	EndGlobalSection
EndGlobal
